
Microsoft Visual Studio Solution File, Format Version 12.00
# Visual Studio Version 17
VisualStudioVersion = 17.14.36511.14 d17.14
MinimumVisualStudioVersion = 10.0.40219.1
Project("{FAE04EC0-301F-11D3-BF4B-00C04F79EFBC}") = "BreakItMakeIt_Exercises", "BreakItMakeIt_Exercises\BreakItMakeIt_Exercises.csproj", "{29919423-85B4-4729-82F4-0F733FD06243}"
EndProject
Global
	GlobalSection(SolutionConfigurationPlatforms) = preSolution
		Debug|Any CPU = Debug|Any CPU
		Release|Any CPU = Release|Any CPU
	EndGlobalSection
	GlobalSection(ProjectConfigurationPlatforms) = postSolution
		{29919423-85B4-4729-82F4-0F733FD06243}.Debug|Any CPU.ActiveCfg = Debug|Any CPU
		{29919423-85B4-4729-82F4-0F733FD06243}.Debug|Any CPU.Build.0 = Debug|Any CPU
		{29919423-85B4-4729-82F4-0F733FD06243}.Release|Any CPU.ActiveCfg = Release|Any CPU
		{29919423-85B4-4729-82F4-0F733FD06243}.Release|Any CPU.Build.0 = Release|Any CPU
	EndGlobalSection
	GlobalSection(SolutionProperties) = preSolution
		HideSolutionNode = FALSE
	EndGlobalSection
	GlobalSection(ExtensibilityGlobals) = postSolution
		SolutionGuid = {B3532D01-CCD7-4C33-8F28-2DCE70E71E1E}
	EndGlobalSection
EndGlobal
